
Microsoft Visual Studio Solution File, Format Version 12.00
# Visual Studio Version 16
VisualStudioVersion = 16.0.30804.86
MinimumVisualStudioVersion = 10.0.40219.1
Project("{FAE04EC0-301F-11D3-BF4B-00C04F79EFBC}") = "MyDictionary", "MyDictionary\MyDictionary.csproj", "{02F3BC88-A950-4673-8493-BB4678F10CCE}"
EndProject
Global
	GlobalSection(SolutionConfigurationPlatforms) = preSolution
		Debug|Any CPU = Debug|Any CPU
		Release|Any CPU = Release|Any CPU
	EndGlobalSection
	GlobalSection(ProjectConfigurationPlatforms) = postSolution
		{02F3BC88-A950-4673-8493-BB4678F10CCE}.Debug|Any CPU.ActiveCfg = Debug|Any CPU
		{02F3BC88-A950-4673-8493-BB4678F10CCE}.Debug|Any CPU.Build.0 = Debug|Any CPU
		{02F3BC88-A950-4673-8493-BB4678F10CCE}.Release|Any CPU.ActiveCfg = Release|Any CPU
		{02F3BC88-A950-4673-8493-BB4678F10CCE}.Release|Any CPU.Build.0 = Release|Any CPU
	EndGlobalSection
	GlobalSection(SolutionProperties) = preSolution
		HideSolutionNode = FALSE
	EndGlobalSection
	GlobalSection(ExtensibilityGlobals) = postSolution
		SolutionGuid = {B1BABC5E-EC86-4289-84C5-BFA69D9CDFE6}
	EndGlobalSection
EndGlobal
